
Microsoft Visual Studio Solution File, Format Version 12.00
# Visual Studio Version 17
VisualStudioVersion = 17.8.34322.80
MinimumVisualStudioVersion = 10.0.40219.1
Project("{8BC9CEB8-8B4A-11D0-8D11-00A0C91BC942}") = "BankManagementSystem", "BankManagementSystem.vcxproj", "{51510643-7C58-45ED-A1F3-DCB06940E6A2}"
EndProject
Project("{2150E333-8FDC-42A3-9474-1A3956D46DE8}") = "db", "db", "{1A407899-E8C8-4E5B-B82A-271F846B620C}"
	ProjectSection(SolutionItems) = preProject
		BANK.db = BANK.db
	EndProjectSection
EndProject
Global
	GlobalSection(SolutionConfigurationPlatforms) = preSolution
		Debug|ARM64 = Debug|ARM64
		Debug|x64 = Debug|x64
		Debug|x86 = Debug|x86
		Release|ARM64 = Release|ARM64
		Release|x64 = Release|x64
		Release|x86 = Release|x86
	EndGlobalSection
	GlobalSection(ProjectConfigurationPlatforms) = postSolution
		{51510643-7C58-45ED-A1F3-DCB06940E6A2}.Debug|ARM64.ActiveCfg = Debug|ARM64
		{51510643-7C58-45ED-A1F3-DCB06940E6A2}.Debug|ARM64.Build.0 = Debug|ARM64
		{51510643-7C58-45ED-A1F3-DCB06940E6A2}.Debug|x64.ActiveCfg = Debug|x64
		{51510643-7C58-45ED-A1F3-DCB06940E6A2}.Debug|x64.Build.0 = Debug|x64
		{51510643-7C58-45ED-A1F3-DCB06940E6A2}.Debug|x86.ActiveCfg = Debug|Win32
		{51510643-7C58-45ED-A1F3-DCB06940E6A2}.Debug|x86.Build.0 = Debug|Win32
		{51510643-7C58-45ED-A1F3-DCB06940E6A2}.Release|ARM64.ActiveCfg = Release|ARM64
		{51510643-7C58-45ED-A1F3-DCB06940E6A2}.Release|ARM64.Build.0 = Release|ARM64
		{51510643-7C58-45ED-A1F3-DCB06940E6A2}.Release|x64.ActiveCfg = Release|x64
		{51510643-7C58-45ED-A1F3-DCB06940E6A2}.Release|x64.Build.0 = Release|x64
		{51510643-7C58-45ED-A1F3-DCB06940E6A2}.Release|x86.ActiveCfg = Release|Win32
		{51510643-7C58-45ED-A1F3-DCB06940E6A2}.Release|x86.Build.0 = Release|Win32
	EndGlobalSection
	GlobalSection(SolutionProperties) = preSolution
		HideSolutionNode = FALSE
	EndGlobalSection
	GlobalSection(ExtensibilityGlobals) = postSolution
		SolutionGuid = {7EB088D3-8210-47FE-8AFF-DE0A1B81C32C}
	EndGlobalSection
EndGlobal
